
Microsoft Visual Studio Solution File, Format Version 12.00
# Visual Studio Version 16
VisualStudioVersion = 16.0.31005.135
MinimumVisualStudioVersion = 10.0.40219.1
Project("{9A19103F-16F7-4668-BE54-9A1E7A4F7556}") = "BloodBank1", "BloodBank1\BloodBank1.csproj", "{42A82B12-2E8D-45C1-9E63-BC59C79BBED5}"
EndProject
Project("{FAE04EC0-301F-11D3-BF4B-00C04F79EFBC}") = "BloodBank_API", "BloodBank_API\BloodBank_API.csproj", "{04DC4C50-DE56-48C5-B284-780CABDE507F}"
EndProject
Project("{9A19103F-16F7-4668-BE54-9A1E7A4F7556}") = "DataAccess", "DataAccess\DataAccess.csproj", "{0EA5D348-3CB3-4700-9205-45A663C1F028}"
EndProject
Project("{9A19103F-16F7-4668-BE54-9A1E7A4F7556}") = "Common", "Common\Common.csproj", "{2B7A1EAF-FB0B-4913-87CB-EC274E74B8DC}"
EndProject
Project("{9A19103F-16F7-4668-BE54-9A1E7A4F7556}") = "Models", "Models\Models.csproj", "{D606AF62-BC05-4E53-8ACE-1354F74CFB3F}"
EndProject
Project("{9A19103F-16F7-4668-BE54-9A1E7A4F7556}") = "Business", "Business\Business.csproj", "{C271CAAB-E67B-4C29-8957-4CFE8686E231}"
EndProject
Project("{9A19103F-16F7-4668-BE54-9A1E7A4F7556}") = "BloodBankAPI_2", "BloodBankAPI_2\BloodBankAPI_2.csproj", "{2E29DDBE-1AF6-4F4B-8C08-B869B356D4C4}"
EndProject
Global
	GlobalSection(SolutionConfigurationPlatforms) = preSolution
		Debug|Any CPU = Debug|Any CPU
		Release|Any CPU = Release|Any CPU
	EndGlobalSection
	GlobalSection(ProjectConfigurationPlatforms) = postSolution
		{42A82B12-2E8D-45C1-9E63-BC59C79BBED5}.Debug|Any CPU.ActiveCfg = Debug|Any CPU
		{42A82B12-2E8D-45C1-9E63-BC59C79BBED5}.Debug|Any CPU.Build.0 = Debug|Any CPU
		{42A82B12-2E8D-45C1-9E63-BC59C79BBED5}.Release|Any CPU.ActiveCfg = Release|Any CPU
		{42A82B12-2E8D-45C1-9E63-BC59C79BBED5}.Release|Any CPU.Build.0 = Release|Any CPU
		{04DC4C50-DE56-48C5-B284-780CABDE507F}.Debug|Any CPU.ActiveCfg = Debug|Any CPU
		{04DC4C50-DE56-48C5-B284-780CABDE507F}.Debug|Any CPU.Build.0 = Debug|Any CPU
		{04DC4C50-DE56-48C5-B284-780CABDE507F}.Release|Any CPU.ActiveCfg = Release|Any CPU
		{04DC4C50-DE56-48C5-B284-780CABDE507F}.Release|Any CPU.Build.0 = Release|Any CPU
		{0EA5D348-3CB3-4700-9205-45A663C1F028}.Debug|Any CPU.ActiveCfg = Debug|Any CPU
		{0EA5D348-3CB3-4700-9205-45A663C1F028}.Debug|Any CPU.Build.0 = Debug|Any CPU
		{0EA5D348-3CB3-4700-9205-45A663C1F028}.Release|Any CPU.ActiveCfg = Release|Any CPU
		{0EA5D348-3CB3-4700-9205-45A663C1F028}.Release|Any CPU.Build.0 = Release|Any CPU
		{2B7A1EAF-FB0B-4913-87CB-EC274E74B8DC}.Debug|Any CPU.ActiveCfg = Debug|Any CPU
		{2B7A1EAF-FB0B-4913-87CB-EC274E74B8DC}.Debug|Any CPU.Build.0 = Debug|Any CPU
		{2B7A1EAF-FB0B-4913-87CB-EC274E74B8DC}.Release|Any CPU.ActiveCfg = Release|Any CPU
		{2B7A1EAF-FB0B-4913-87CB-EC274E74B8DC}.Release|Any CPU.Build.0 = Release|Any CPU
		{D606AF62-BC05-4E53-8ACE-1354F74CFB3F}.Debug|Any CPU.ActiveCfg = Debug|Any CPU
		{D606AF62-BC05-4E53-8ACE-1354F74CFB3F}.Debug|Any CPU.Build.0 = Debug|Any CPU
		{D606AF62-BC05-4E53-8ACE-1354F74CFB3F}.Release|Any CPU.ActiveCfg = Release|Any CPU
		{D606AF62-BC05-4E53-8ACE-1354F74CFB3F}.Release|Any CPU.Build.0 = Release|Any CPU
		{C271CAAB-E67B-4C29-8957-4CFE8686E231}.Debug|Any CPU.ActiveCfg = Debug|Any CPU
		{C271CAAB-E67B-4C29-8957-4CFE8686E231}.Debug|Any CPU.Build.0 = Debug|Any CPU
		{C271CAAB-E67B-4C29-8957-4CFE8686E231}.Release|Any CPU.ActiveCfg = Release|Any CPU
		{C271CAAB-E67B-4C29-8957-4CFE8686E231}.Release|Any CPU.Build.0 = Release|Any CPU
		{2E29DDBE-1AF6-4F4B-8C08-B869B356D4C4}.Debug|Any CPU.ActiveCfg = Debug|Any CPU
		{2E29DDBE-1AF6-4F4B-8C08-B869B356D4C4}.Debug|Any CPU.Build.0 = Debug|Any CPU
		{2E29DDBE-1AF6-4F4B-8C08-B869B356D4C4}.Release|Any CPU.ActiveCfg = Release|Any CPU
		{2E29DDBE-1AF6-4F4B-8C08-B869B356D4C4}.Release|Any CPU.Build.0 = Release|Any CPU
	EndGlobalSection
	GlobalSection(SolutionProperties) = preSolution
		HideSolutionNode = FALSE
	EndGlobalSection
	GlobalSection(ExtensibilityGlobals) = postSolution
		SolutionGuid = {DA6FB22B-EDA7-42AF-ABCB-6342380AC53E}
	EndGlobalSection
EndGlobal
